
Microsoft Visual Studio Solution File, Format Version 12.00
Project("{FAE04EC0-301F-11D3-BF4B-00C04F79EFBC}") = "ByteCrafters.ExpenseTrackerApp", "ByteCrafters.ExpenseTrackerApp.csproj", "{D5AEF1B4-FCEC-4B3C-A0BB-D7723D4712A4}"
EndProject
Project("{2150E333-8FDC-42A3-9474-1A3956D46DE8}") = "Solution Items", "Solution Items", "{748068C6-3AD7-4ADC-B39B-60D435EADD7A}"
	ProjectSection(SolutionItems) = preProject
		compose.yaml = compose.yaml
	EndProjectSection
EndProject
Global
	GlobalSection(SolutionConfigurationPlatforms) = preSolution
		Debug|Any CPU = Debug|Any CPU
		Release|Any CPU = Release|Any CPU
	EndGlobalSection
	GlobalSection(ProjectConfigurationPlatforms) = postSolution
		{D5AEF1B4-FCEC-4B3C-A0BB-D7723D4712A4}.Debug|Any CPU.ActiveCfg = Debug|Any CPU
		{D5AEF1B4-FCEC-4B3C-A0BB-D7723D4712A4}.Debug|Any CPU.Build.0 = Debug|Any CPU
		{D5AEF1B4-FCEC-4B3C-A0BB-D7723D4712A4}.Release|Any CPU.ActiveCfg = Release|Any CPU
		{D5AEF1B4-FCEC-4B3C-A0BB-D7723D4712A4}.Release|Any CPU.Build.0 = Release|Any CPU
	EndGlobalSection
EndGlobal
